// !$*UTF8*$!
{
	archiveVersion = 1;
	classes = {
	};
	objectVersion = 56;
	objects = {

/* Begin PBXBuildFile section */
		D621A3A82AD75782007FFEDE /* AppDelegate.m in Sources */ = {isa = PBXBuildFile; fileRef = D621A3A72AD75782007FFEDE /* AppDelegate.m */; };
		D621A3AB2AD75782007FFEDE /* SceneDelegate.m in Sources */ = {isa = PBXBuildFile; fileRef = D621A3AA2AD75782007FFEDE /* SceneDelegate.m */; };
		D621A3AE2AD75782007FFEDE /* ViewController.m in Sources */ = {isa = PBXBuildFile; fileRef = D621A3AD2AD75782007FFEDE /* ViewController.m */; };
		D621A3B32AD75784007FFEDE /* Assets.xcassets in Resources */ = {isa = PBXBuildFile; fileRef = D621A3B22AD75784007FFEDE /* Assets.xcassets */; };
		D621A3B62AD75784007FFEDE /* LaunchScreen.storyboard in Resources */ = {isa = PBXBuildFile; fileRef = D621A3B42AD75784007FFEDE /* LaunchScreen.storyboard */; };
		D621A3B92AD75784007FFEDE /* main.m in Sources */ = {isa = PBXBuildFile; fileRef = D621A3B82AD75784007FFEDE /* main.m */; };
		D621A3C12AD82AAE007FFEDE /* CustomTodo.m in Sources */ = {isa = PBXBuildFile; fileRef = D621A3C02AD82AAE007FFEDE /* CustomTodo.m */; };
/* End PBXBuildFile section */

/* Begin PBXFileReference section */
		D621A3A32AD75782007FFEDE /* todoListSelf.app */ = {isa = PBXFileReference; explicitFileType = wrapper.application; includeInIndex = 0; path = todoListSelf.app; sourceTree = BUILT_PRODUCTS_DIR; };
		D621A3A62AD75782007FFEDE /* AppDelegate.h */ = {isa = PBXFileReference; lastKnownFileType = sourcecode.c.h; path = AppDelegate.h; sourceTree = "<group>"; };
		D621A3A72AD75782007FFEDE /* AppDelegate.m */ = {isa = PBXFileReference; lastKnownFileType = sourcecode.c.objc; path = AppDelegate.m; sourceTree = "<group>"; };
		D621A3A92AD75782007FFEDE /* SceneDelegate.h */ = {isa = PBXFileReference; lastKnownFileType = sourcecode.c.h; path = SceneDelegate.h; sourceTree = "<group>"; };
		D621A3AA2AD75782007FFEDE /* SceneDelegate.m */ = {isa = PBXFileReference; lastKnownFileType = sourcecode.c.objc; path = SceneDelegate.m; sourceTree = "<group>"; };
		D621A3AC2AD75782007FFEDE /* ViewController.h */ = {isa = PBXFileReference; lastKnownFileType = sourcecode.c.h; path = ViewController.h; sourceTree = "<group>"; };
		D621A3AD2AD75782007FFEDE /* ViewController.m */ = {isa = PBXFileReference; lastKnownFileType = sourcecode.c.objc; path = ViewController.m; sourceTree = "<group>"; };
		D621A3B22AD75784007FFEDE /* Assets.xcassets */ = {isa = PBXFileReference; lastKnownFileType = folder.assetcatalog; path = Assets.xcassets; sourceTree = "<group>"; };
		D621A3B52AD75784007FFEDE /* Base */ = {isa = PBXFileReference; lastKnownFileType = file.storyboard; name = Base; path = Base.lproj/LaunchScreen.storyboard; sourceTree = "<group>"; };
		D621A3B72AD75784007FFEDE /* Info.plist */ = {isa = PBXFileReference; lastKnownFileType = text.plist.xml; path = Info.plist; sourceTree = "<group>"; };
		D621A3B82AD75784007FFEDE /* main.m */ = {isa = PBXFileReference; lastKnownFileType = sourcecode.c.objc; path = main.m; sourceTree = "<group>"; };
		D621A3BF2AD82AAD007FFEDE /* CustomTodo.h */ = {isa = PBXFileReference; lastKnownFileType = sourcecode.c.h; path = CustomTodo.h; sourceTree = "<group>"; };
		D621A3C02AD82AAE007FFEDE /* CustomTodo.m */ = {isa = PBXFileReference; lastKnownFileType = sourcecode.c.objc; path = CustomTodo.m; sourceTree = "<group>"; };
/* End PBXFileReference section */

/* Begin PBXFrameworksBuildPhase section */
		D621A3A02AD75782007FFEDE /* Frameworks */ = {
			isa = PBXFrameworksBuildPhase;
			buildActionMask = 2147483647;
			files = (
			);
			runOnlyForDeploymentPostprocessing = 0;
		};
/* End PBXFrameworksBuildPhase section */

/* Begin PBXGroup section */
		D621A39A2AD75782007FFEDE = {
			isa = PBXGroup;
			children = (
				D621A3A52AD75782007FFEDE /* todoListSelf */,
				D621A3A42AD75782007FFEDE /* Products */,
			);
			sourceTree = "<group>";
		};
		D621A3A42AD75782007FFEDE /* Products */ = {
			isa = PBXGroup;
			children = (
				D621A3A32AD75782007FFEDE /* todoListSelf.app */,
			);
			name = Products;
			sourceTree = "<group>";
		};
		D621A3A52AD75782007FFEDE /* todoListSelf */ = {
			isa = PBXGroup;
			children = (
				D621A3A62AD75782007FFEDE /* AppDelegate.h */,
				D621A3A72AD75782007FFEDE /* AppDelegate.m */,
				D621A3A92AD75782007FFEDE /* SceneDelegate.h */,
				D621A3AA2AD75782007FFEDE /* SceneDelegate.m */,
				D621A3AC2AD75782007FFEDE /* ViewController.h */,
				D621A3AD2AD75782007FFEDE /* ViewController.m */,
				D621A3B22AD75784007FFEDE /* Assets.xcassets */,
				D621A3B42AD75784007FFEDE /* LaunchScreen.storyboard */,
				D621A3B72AD75784007FFEDE /* Info.plist */,
				D621A3B82AD75784007FFEDE /* main.m */,
				D621A3BF2AD82AAD007FFEDE /* CustomTodo.h */,
				D621A3C02AD82AAE007FFEDE /* CustomTodo.m */,
			);
			path = todoListSelf;
			sourceTree = "<group>";
		};
/* End PBXGroup section */

/* Begin PBXNativeTarget section */
		D621A3A22AD75782007FFEDE /* todoListSelf */ = {
			isa = PBXNativeTarget;
			buildConfigurationList = D621A3BC2AD75784007FFEDE /* Build configuration list for PBXNativeTarget "todoListSelf" */;
			buildPhases = (
				D621A39F2AD75782007FFEDE /* Sources */,
				D621A3A02AD75782007FFEDE /* Frameworks */,
				D621A3A12AD75782007FFEDE /* Resources */,
			);
			buildRules = (
			);
			dependencies = (
			);
			name = todoListSelf;
			productName = todoListSelf;
			productReference = D621A3A32AD75782007FFEDE /* todoListSelf.app */;
			productType = "com.apple.product-type.application";
		};
/* End PBXNativeTarget section */

/* Begin PBXProject section */
		D621A39B2AD75782007FFEDE /* Project object */ = {
			isa = PBXProject;
			attributes = {
				BuildIndependentTargetsInParallel = 1;
				LastUpgradeCheck = 1430;
				TargetAttributes = {
					D621A3A22AD75782007FFEDE = {
						CreatedOnToolsVersion = 14.3.1;
					};
				};
			};
			buildConfigurationList = D621A39E2AD75782007FFEDE /* Build configuration list for PBXProject "todoListSelf" */;
			compatibilityVersion = "Xcode 14.0";
			developmentRegion = en;
			hasScannedForEncodings = 0;
			knownRegions = (
				en,
				Base,
			);
			mainGroup = D621A39A2AD75782007FFEDE;
			productRefGroup = D621A3A42AD75782007FFEDE /* Products */;
			projectDirPath = "";
			projectRoot = "";
			targets = (
				D621A3A22AD75782007FFEDE /* todoListSelf */,
			);
		};
/* End PBXProject section */

/* Begin PBXResourcesBuildPhase section */
		D621A3A12AD75782007FFEDE /* Resources */ = {
			isa = PBXResourcesBuildPhase;
			buildActionMask = 2147483647;
			files = (
				D621A3B62AD75784007FFEDE /* LaunchScreen.storyboard in Resources */,
				D621A3B32AD75784007FFEDE /* Assets.xcassets in Resources */,
			);
			runOnlyForDeploymentPostprocessing = 0;
		};
/* End PBXResourcesBuildPhase section */

/* Begin PBXSourcesBuildPhase section */
		D621A39F2AD75782007FFEDE /* Sources */ = {
			isa = PBXSourcesBuildPhase;
			buildActionMask = 2147483647;
			files = (
				D621A3C12AD82AAE007FFEDE /* CustomTodo.m in Sources */,
				D621A3AE2AD75782007FFEDE /* ViewController.m in Sources */,
				D621A3A82AD75782007FFEDE /* AppDelegate.m in Sources */,
				D621A3B92AD75784007FFEDE /* main.m in Sources */,
				D621A3AB2AD75782007FFEDE /* SceneDelegate.m in Sources */,
			);
			runOnlyForDeploymentPostprocessing = 0;
		};
/* End PBXSourcesBuildPhase section */

/* Begin PBXVariantGroup section */
		D621A3B42AD75784007FFEDE /* LaunchScreen.storyboard */ = {
			isa = PBXVariantGroup;
			children = (
				D621A3B52AD75784007FFEDE /* Base */,
			);
			name = LaunchScreen.storyboard;
			sourceTree = "<group>";
		};
/* End PBXVariantGroup section */

/* Begin XCBuildConfiguration section */
		D621A3BA2AD75784007FFEDE /* Debug */ = {
			isa = XCBuildConfiguration;
			buildSettings = {
				ALWAYS_SEARCH_USER_PATHS = NO;
				CLANG_ANALYZER_NONNULL = YES;
				CLANG_ANALYZER_NUMBER_OBJECT_CONVERSION = YES_AGGRESSIVE;
				CLANG_CXX_LANGUAGE_STANDARD = "gnu++20";
				CLANG_ENABLE_MODULES = YES;
				CLANG_ENABLE_OBJC_ARC = YES;
				CLANG_ENABLE_OBJC_WEAK = YES;
				CLANG_WARN_BLOCK_CAPTURE_AUTORELEASING = YES;
				CLANG_WARN_BOOL_CONVERSION = YES;
				CLANG_WARN_COMMA = YES;
				CLANG_WARN_CONSTANT_CONVERSION = YES;
				CLANG_WARN_DEPRECATED_OBJC_IMPLEMENTATIONS = YES;
				CLANG_WARN_DIRECT_OBJC_ISA_USAGE = YES_ERROR;
				CLANG_WARN_DOCUMENTATION_COMMENTS = YES;
				CLANG_WARN_EMPTY_BODY = YES;
				CLANG_WARN_ENUM_CONVERSION = YES;
				CLANG_WARN_INFINITE_RECURSION = YES;
				CLANG_WARN_INT_CONVERSION = YES;
				CLANG_WARN_NON_LITERAL_NULL_CONVERSION = YES;
				CLANG_WARN_OBJC_IMPLICIT_RETAIN_SELF = YES;
				CLANG_WARN_OBJC_LITERAL_CONVERSION = YES;
				CLANG_WARN_OBJC_ROOT_CLASS = YES_ERROR;
				CLANG_WARN_QUOTED_INCLUDE_IN_FRAMEWORK_HEADER = YES;
				CLANG_WARN_RANGE_LOOP_ANALYSIS = YES;
				CLANG_WARN_STRICT_PROTOTYPES = YES;
				CLANG_WARN_SUSPICIOUS_MOVE = YES;
				CLANG_WARN_UNGUARDED_AVAILABILITY = YES_AGGRESSIVE;
				CLANG_WARN_UNREACHABLE_CODE = YES;
				CLANG_WARN__DUPLICATE_METHOD_MATCH = YES;
				COPY_PHASE_STRIP = NO;
				DEBUG_INFORMATION_FORMAT = dwarf;
				ENABLE_STRICT_OBJC_MSGSEND = YES;
				ENABLE_TESTABILITY = YES;
				GCC_C_LANGUAGE_STANDARD = gnu11;
				GCC_DYNAMIC_NO_PIC = NO;
				GCC_NO_COMMON_BLOCKS = YES;
				GCC_OPTIMIZATION_LEVEL = 0;
				GCC_PREPROCESSOR_DEFINITIONS = (
					"DEBUG=1",
					"$(inherited)",
				);
				GCC_WARN_64_TO_32_BIT_CONVERSION = YES;
				GCC_WARN_ABOUT_RETURN_TYPE = YES_ERROR;
				GCC_WARN_UNDECLARED_SELECTOR = YES;
				GCC_WARN_UNINITIALIZED_AUTOS = YES_AGGRESSIVE;
				GCC_WARN_UNUSED_FUNCTION = YES;
				GCC_WARN_UNUSED_VARIABLE = YES;
				IPHONEOS_DEPLOYMENT_TARGET = 16.4;
				MTL_ENABLE_DEBUG_INFO = INCLUDE_SOURCE;
				MTL_FAST_MATH = YES;
				ONLY_ACTIVE_ARCH = YES;
				SDKROOT = iphoneos;
			};
			name = Debug;
		};
		D621A3BB2AD75784007FFEDE /* Release */ = {
			isa = XCBuildConfiguration;
			buildSettings = {
				ALWAYS_SEARCH_USER_PATHS = NO;
				CLANG_ANALYZER_NONNULL = YES;
				CLANG_ANALYZER_NUMBER_OBJECT_CONVERSION = YES_AGGRESSIVE;
				CLANG_CXX_LANGUAGE_STANDARD = "gnu++20";
				CLANG_ENABLE_MODULES = YES;
				CLANG_ENABLE_OBJC_ARC = YES;
				CLANG_ENABLE_OBJC_WEAK = YES;
				CLANG_WARN_BLOCK_CAPTURE_AUTORELEASING = YES;
				CLANG_WARN_BOOL_CONVERSION = YES;
				CLANG_WARN_COMMA = YES;
				CLANG_WARN_CONSTANT_CONVERSION = YES;
				CLANG_WARN_DEPRECATED_OBJC_IMPLEMENTATIONS = YES;
				CLANG_WARN_DIRECT_OBJC_ISA_USAGE = YES_ERROR;
				CLANG_WARN_DOCUMENTATION_COMMENTS = YES;
				CLANG_WARN_EMPTY_BODY = YES;
				CLANG_WARN_ENUM_CONVERSION = YES;
				CLANG_WARN_INFINITE_RECURSION = YES;
				CLANG_WARN_INT_CONVERSION = YES;
				CLANG_WARN_NON_LITERAL_NULL_CONVERSION = YES;
				CLANG_WARN_OBJC_IMPLICIT_RETAIN_SELF = YES;
				CLANG_WARN_OBJC_LITERAL_CONVERSION = YES;
				CLANG_WARN_OBJC_ROOT_CLASS = YES_ERROR;
				CLANG_WARN_QUOTED_INCLUDE_IN_FRAMEWORK_HEADER = YES;
				CLANG_WARN_RANGE_LOOP_ANALYSIS = YES;
				CLANG_WARN_STRICT_PROTOTYPES = YES;
				CLANG_WARN_SUSPICIOUS_MOVE = YES;
				CLANG_WARN_UNGUARDED_AVAILABILITY = YES_AGGRESSIVE;
				CLANG_WARN_UNREACHABLE_CODE = YES;
				CLANG_WARN__DUPLICATE_METHOD_MATCH = YES;
				COPY_PHASE_STRIP = NO;
				DEBUG_INFORMATION_FORMAT = "dwarf-with-dsym";
				ENABLE_NS_ASSERTIONS = NO;
				ENABLE_STRICT_OBJC_MSGSEND = YES;
				GCC_C_LANGUAGE_STANDARD = gnu11;
				GCC_NO_COMMON_BLOCKS = YES;
				GCC_WARN_64_TO_32_BIT_CONVERSION = YES;
				GCC_WARN_ABOUT_RETURN_TYPE = YES_ERROR;
				GCC_WARN_UNDECLARED_SELECTOR = YES;
				GCC_WARN_UNINITIALIZED_AUTOS = YES_AGGRESSIVE;
				GCC_WARN_UNUSED_FUNCTION = YES;
				GCC_WARN_UNUSED_VARIABLE = YES;
				IPHONEOS_DEPLOYMENT_TARGET = 16.4;
				MTL_ENABLE_DEBUG_INFO = NO;
				MTL_FAST_MATH = YES;
				SDKROOT = iphoneos;
				VALIDATE_PRODUCT = YES;
			};
			name = Release;
		};
		D621A3BD2AD75784007FFEDE /* Debug */ = {
			isa = XCBuildConfiguration;
			buildSettings = {
				ASSETCATALOG_COMPILER_APPICON_NAME = AppIcon;
				ASSETCATALOG_COMPILER_GLOBAL_ACCENT_COLOR_NAME = AccentColor;
				CODE_SIGN_STYLE = Automatic;
				CURRENT_PROJECT_VERSION = 1;
				DEVELOPMENT_TEAM = SZ9RTNFDAA;
				GENERATE_INFOPLIST_FILE = YES;
				INFOPLIST_FILE = todoListSelf/Info.plist;
				INFOPLIST_KEY_UIApplicationSupportsIndirectInputEvents = YES;
				INFOPLIST_KEY_UILaunchStoryboardName = LaunchScreen;
				INFOPLIST_KEY_UIMainStoryboardFile = "";
				INFOPLIST_KEY_UISupportedInterfaceOrientations_iPad = "UIInterfaceOrientationPortrait UIInterfaceOrientationPortraitUpsideDown UIInterfaceOrientationLandscapeLeft UIInterfaceOrientationLandscapeRight";
				INFOPLIST_KEY_UISupportedInterfaceOrientations_iPhone = "UIInterfaceOrientationPortrait UIInterfaceOrientationLandscapeLeft UIInterfaceOrientationLandscapeRight";
				LD_RUNPATH_SEARCH_PATHS = (
					"$(inherited)",
					"@executable_path/Frameworks",
				);
				MARKETING_VERSION = 1.0;
				PRODUCT_BUNDLE_IDENTIFIER = com.hansmander.todoListSelf;
				PRODUCT_NAME = "$(TARGET_NAME)";
				SWIFT_EMIT_LOC_STRINGS = YES;
				TARGETED_DEVICE_FAMILY = "1,2";
			};
			name = Debug;
		};
		D621A3BE2AD75784007FFEDE /* Release */ = {
			isa = XCBuildConfiguration;
			buildSettings = {
				ASSETCATALOG_COMPILER_APPICON_NAME = AppIcon;
				ASSETCATALOG_COMPILER_GLOBAL_ACCENT_COLOR_NAME = AccentColor;
				CODE_SIGN_STYLE = Automatic;
				CURRENT_PROJECT_VERSION = 1;
				DEVELOPMENT_TEAM = SZ9RTNFDAA;
				GENERATE_INFOPLIST_FILE = YES;
				INFOPLIST_FILE = todoListSelf/Info.plist;
				INFOPLIST_KEY_UIApplicationSupportsIndirectInputEvents = YES;
				INFOPLIST_KEY_UILaunchStoryboardName = LaunchScreen;
				INFOPLIST_KEY_UIMainStoryboardFile = "";
				INFOPLIST_KEY_UISupportedInterfaceOrientations_iPad = "UIInterfaceOrientationPortrait UIInterfaceOrientationPortraitUpsideDown UIInterfaceOrientationLandscapeLeft UIInterfaceOrientationLandscapeRight";
				INFOPLIST_KEY_UISupportedInterfaceOrientations_iPhone = "UIInterfaceOrientationPortrait UIInterfaceOrientationLandscapeLeft UIInterfaceOrientationLandscapeRight";
				LD_RUNPATH_SEARCH_PATHS = (
					"$(inherited)",
					"@executable_path/Frameworks",
				);
				MARKETING_VERSION = 1.0;
				PRODUCT_BUNDLE_IDENTIFIER = com.hansmander.todoListSelf;
				PRODUCT_NAME = "$(TARGET_NAME)";
				SWIFT_EMIT_LOC_STRINGS = YES;
				TARGETED_DEVICE_FAMILY = "1,2";
			};
			name = Release;
		};
/* End XCBuildConfiguration section */

/* Begin XCConfigurationList section */
		D621A39E2AD75782007FFEDE /* Build configuration list for PBXProject "todoListSelf" */ = {
			isa = XCConfigurationList;
			buildConfigurations = (
				D621A3BA2AD75784007FFEDE /* Debug */,
				D621A3BB2AD75784007FFEDE /* Release */,
			);
			defaultConfigurationIsVisible = 0;
			defaultConfigurationName = Release;
		};
		D621A3BC2AD75784007FFEDE /* Build configuration list for PBXNativeTarget "todoListSelf" */ = {
			isa = XCConfigurationList;
			buildConfigurations = (
				D621A3BD2AD75784007FFEDE /* Debug */,
				D621A3BE2AD75784007FFEDE /* Release */,
			);
			defaultConfigurationIsVisible = 0;
			defaultConfigurationName = Release;
		};
/* End XCConfigurationList section */
	};
	rootObject = D621A39B2AD75782007FFEDE /* Project object */;
}
